github.com/novalagung/golang-docker-private-modules-https-dep v0.0.0-20230224063225-4bd29e431237 h1:O6RLyzwJLDDXQSY489Va+uTgOgdO8ZulguHNqyDbcq0=
github.com/novalagung/golang-docker-private-modules-https-dep v0.0.0-20230224063225-4bd29e431237/go.mod h1:YGiWxHeTNqdhPdNUiNCy8RVM/nAnSMGUT9GQVDS9gSo=
github.com/novalagung/golang-docker-private-modules-https-dep v0.0.0-20230224064355-bc0e40b9466d h1:MrETiU1VeAJsJLDWu6prSQlg4M2cqwIngFFeyP3ljAw=
github.com/novalagung/golang-docker-private-modules-https-dep v0.0.0-20230224064355-bc0e40b9466d/go.mod h1:YGiWxHeTNqdhPdNUiNCy8RVM/nAnSMGUT9GQVDS9gSo=
